
Microsoft Visual Studio Solution File, Format Version 12.00
# Visual Studio Version 17
VisualStudioVersion = 17.0.31903.59
MinimumVisualStudioVersion = 10.0.40219.1
Project("{2150E333-8FDC-42A3-9474-1A3956D46DE8}") = "src", "src", "{827E0CD3-B72D-47B6-A68D-7590B98EB39B}"
EndProject
Project("{2150E333-8FDC-42A3-9474-1A3956D46DE8}") = "Hosts", "Hosts", "{C79C3622-AC92-5B3C-4F71-0BD0E7B3816F}"
EndProject
Project("{FAE04EC0-301F-11D3-BF4B-00C04F79EFBC}") = "ATS.Api", "src\Hosts\ATS.Api\ATS.Api.csproj", "{3EAEAC37-FF16-4BF2-B537-42F13F26D5BE}"
EndProject
Project("{2150E333-8FDC-42A3-9474-1A3956D46DE8}") = "Modules", "Modules", "{EC447DCF-ABFA-6E24-52A5-D7FD48A5C558}"
EndProject
Project("{2150E333-8FDC-42A3-9474-1A3956D46DE8}") = "Recruitment", "Recruitment", "{76653597-1E39-8C23-6724-BC1D876210FA}"
EndProject
Project("{FAE04EC0-301F-11D3-BF4B-00C04F79EFBC}") = "ATS.Recruitment.Infrastructure", "src\Modules\Recruitment\ATS.Recruitment.Infrastructure\ATS.Recruitment.Infrastructure.csproj", "{C927E573-357C-47CF-BAE3-56E9EC7DD270}"
EndProject
Project("{FAE04EC0-301F-11D3-BF4B-00C04F79EFBC}") = "ATS.Recruitment.Application", "src\Modules\Recruitment\ATS.Recruitment.Application\ATS.Recruitment.Application.csproj", "{B9B1EFC4-65B5-4057-894B-0BF9317F5294}"
EndProject
Project("{FAE04EC0-301F-11D3-BF4B-00C04F79EFBC}") = "ATS.Recruitment.Domain", "src\Modules\Recruitment\ATS.Recruitment.Domain\ATS.Recruitment.Domain.csproj", "{222DE4ED-3840-4A7A-AB10-099652EC6721}"
EndProject
Project("{2150E333-8FDC-42A3-9474-1A3956D46DE8}") = "Shared", "Shared", "{C8E42992-5E42-0C2B-DBFE-AA848D06431C}"
EndProject
Project("{FAE04EC0-301F-11D3-BF4B-00C04F79EFBC}") = "ATS.SharedKernel", "src\Shared\ATS.SharedKernel\ATS.SharedKernel.csproj", "{5F40E0D4-4F45-407A-B95E-AEA900522CD6}"
EndProject
Project("{FAE04EC0-301F-11D3-BF4B-00C04F79EFBC}") = "ATS.Persistence", "src\Shared\ATS.Persistence\ATS.Persistence.csproj", "{37A8BB1D-1A6F-413D-BA0D-D4C636DCC5E2}"
EndProject
Project("{2150E333-8FDC-42A3-9474-1A3956D46DE8}") = "AiScreening", "AiScreening", "{FDAC79DD-3B23-50FD-E614-1DAE36662DC0}"
EndProject
Project("{FAE04EC0-301F-11D3-BF4B-00C04F79EFBC}") = "ATS.AiScreening.Infrastructure", "src\Modules\AiScreening\ATS.AiScreening.Infrastructure\ATS.AiScreening.Infrastructure.csproj", "{B7D1ED9A-6DC8-4FFF-8132-97D8D79A47D8}"
EndProject
Project("{FAE04EC0-301F-11D3-BF4B-00C04F79EFBC}") = "ATS.AiScreening.Application", "src\Modules\AiScreening\ATS.AiScreening.Application\ATS.AiScreening.Application.csproj", "{E14C632F-35E4-4A97-A2EE-55306666CDFC}"
EndProject
Project("{FAE04EC0-301F-11D3-BF4B-00C04F79EFBC}") = "ATS.AiScreening.Domain", "src\Modules\AiScreening\ATS.AiScreening.Domain\ATS.AiScreening.Domain.csproj", "{D495F72C-BE19-40D9-AC66-4304B9003E16}"
EndProject
Project("{2150E333-8FDC-42A3-9474-1A3956D46DE8}") = "Identity", "Identity", "{0EC62A1A-9858-3A60-8A0C-FC9AACFA2EC7}"
EndProject
Project("{FAE04EC0-301F-11D3-BF4B-00C04F79EFBC}") = "ATS.Identity.Infrastructure", "src\Modules\Identity\ATS.Identity.Infrastructure\ATS.Identity.Infrastructure.csproj", "{8E1CD597-A06D-4545-A24D-DA3DBDE72182}"
EndProject
Project("{FAE04EC0-301F-11D3-BF4B-00C04F79EFBC}") = "ATS.Identity.Application", "src\Modules\Identity\ATS.Identity.Application\ATS.Identity.Application.csproj", "{9A73DF79-FC2A-4B6A-AE46-D74A713AC99A}"
EndProject
Project("{FAE04EC0-301F-11D3-BF4B-00C04F79EFBC}") = "ATS.Identity.Domain", "src\Modules\Identity\ATS.Identity.Domain\ATS.Identity.Domain.csproj", "{0A77FFA7-E6B4-4B15-A5AC-85512D3681A5}"
EndProject
Project("{FAE04EC0-301F-11D3-BF4B-00C04F79EFBC}") = "ATS.Web", "src\Hosts\ATS.Web\ATS.Web.csproj", "{84A63996-3F31-48BE-8C03-B4A3F003BFD5}"
EndProject
Project("{FAE04EC0-301F-11D3-BF4B-00C04F79EFBC}") = "ATS.Worker", "src\Hosts\ATS.Worker\ATS.Worker.csproj", "{8299008B-A5F0-4CF9-B1F8-904C6521CEA6}"
EndProject
Project("{2150E333-8FDC-42A3-9474-1A3956D46DE8}") = "Tests", "Tests", "{CEA09484-30F6-4D44-02F6-822E06DBC57C}"
EndProject
Project("{FAE04EC0-301F-11D3-BF4B-00C04F79EFBC}") = "ATS.AiScreening.Tests", "src\Tests\ATS.AiScreening.Tests\ATS.AiScreening.Tests.csproj", "{04DD6D2E-5781-420B-829B-03B49A17309B}"
EndProject
Project("{FAE04EC0-301F-11D3-BF4B-00C04F79EFBC}") = "ATS.ArchitectureTests", "src\Tests\ATS.ArchitectureTests\ATS.ArchitectureTests.csproj", "{6F6A9479-6BBB-49E3-838F-18C7A1CB5370}"
EndProject
Project("{FAE04EC0-301F-11D3-BF4B-00C04F79EFBC}") = "ATS.IntegrationTests", "src\Tests\ATS.IntegrationTests\ATS.IntegrationTests.csproj", "{A3714CD0-E88E-4569-BAB8-08F978142016}"
EndProject
Project("{FAE04EC0-301F-11D3-BF4B-00C04F79EFBC}") = "ATS.Recruitment.Tests", "src\Tests\ATS.Recruitment.Tests\ATS.Recruitment.Tests.csproj", "{FB521520-5C44-4B4F-BFA2-58500ED3FF06}"
EndProject
Global
	GlobalSection(SolutionConfigurationPlatforms) = preSolution
		Debug|Any CPU = Debug|Any CPU
		Debug|x64 = Debug|x64
		Debug|x86 = Debug|x86
		Release|Any CPU = Release|Any CPU
		Release|x64 = Release|x64
		Release|x86 = Release|x86
	EndGlobalSection
	GlobalSection(ProjectConfigurationPlatforms) = postSolution
		{3EAEAC37-FF16-4BF2-B537-42F13F26D5BE}.Debug|Any CPU.ActiveCfg = Debug|Any CPU
		{3EAEAC37-FF16-4BF2-B537-42F13F26D5BE}.Debug|Any CPU.Build.0 = Debug|Any CPU
		{3EAEAC37-FF16-4BF2-B537-42F13F26D5BE}.Debug|x64.ActiveCfg = Debug|Any CPU
		{3EAEAC37-FF16-4BF2-B537-42F13F26D5BE}.Debug|x64.Build.0 = Debug|Any CPU
		{3EAEAC37-FF16-4BF2-B537-42F13F26D5BE}.Debug|x86.ActiveCfg = Debug|Any CPU
		{3EAEAC37-FF16-4BF2-B537-42F13F26D5BE}.Debug|x86.Build.0 = Debug|Any CPU
		{3EAEAC37-FF16-4BF2-B537-42F13F26D5BE}.Release|Any CPU.ActiveCfg = Release|Any CPU
		{3EAEAC37-FF16-4BF2-B537-42F13F26D5BE}.Release|Any CPU.Build.0 = Release|Any CPU
		{3EAEAC37-FF16-4BF2-B537-42F13F26D5BE}.Release|x64.ActiveCfg = Release|Any CPU
		{3EAEAC37-FF16-4BF2-B537-42F13F26D5BE}.Release|x64.Build.0 = Release|Any CPU
		{3EAEAC37-FF16-4BF2-B537-42F13F26D5BE}.Release|x86.ActiveCfg = Release|Any CPU
		{3EAEAC37-FF16-4BF2-B537-42F13F26D5BE}.Release|x86.Build.0 = Release|Any CPU
		{C927E573-357C-47CF-BAE3-56E9EC7DD270}.Debug|Any CPU.ActiveCfg = Debug|Any CPU
		{C927E573-357C-47CF-BAE3-56E9EC7DD270}.Debug|Any CPU.Build.0 = Debug|Any CPU
		{C927E573-357C-47CF-BAE3-56E9EC7DD270}.Debug|x64.ActiveCfg = Debug|Any CPU
		{C927E573-357C-47CF-BAE3-56E9EC7DD270}.Debug|x64.Build.0 = Debug|Any CPU
		{C927E573-357C-47CF-BAE3-56E9EC7DD270}.Debug|x86.ActiveCfg = Debug|Any CPU
		{C927E573-357C-47CF-BAE3-56E9EC7DD270}.Debug|x86.Build.0 = Debug|Any CPU
		{C927E573-357C-47CF-BAE3-56E9EC7DD270}.Release|Any CPU.ActiveCfg = Release|Any CPU
		{C927E573-357C-47CF-BAE3-56E9EC7DD270}.Release|Any CPU.Build.0 = Release|Any CPU
		{C927E573-357C-47CF-BAE3-56E9EC7DD270}.Release|x64.ActiveCfg = Release|Any CPU
		{C927E573-357C-47CF-BAE3-56E9EC7DD270}.Release|x64.Build.0 = Release|Any CPU
		{C927E573-357C-47CF-BAE3-56E9EC7DD270}.Release|x86.ActiveCfg = Release|Any CPU
		{C927E573-357C-47CF-BAE3-56E9EC7DD270}.Release|x86.Build.0 = Release|Any CPU
		{B9B1EFC4-65B5-4057-894B-0BF9317F5294}.Debug|Any CPU.ActiveCfg = Debug|Any CPU
		{B9B1EFC4-65B5-4057-894B-0BF9317F5294}.Debug|Any CPU.Build.0 = Debug|Any CPU
		{B9B1EFC4-65B5-4057-894B-0BF9317F5294}.Debug|x64.ActiveCfg = Debug|Any CPU
		{B9B1EFC4-65B5-4057-894B-0BF9317F5294}.Debug|x64.Build.0 = Debug|Any CPU
		{B9B1EFC4-65B5-4057-894B-0BF9317F5294}.Debug|x86.ActiveCfg = Debug|Any CPU
		{B9B1EFC4-65B5-4057-894B-0BF9317F5294}.Debug|x86.Build.0 = Debug|Any CPU
		{B9B1EFC4-65B5-4057-894B-0BF9317F5294}.Release|Any CPU.ActiveCfg = Release|Any CPU
		{B9B1EFC4-65B5-4057-894B-0BF9317F5294}.Release|Any CPU.Build.0 = Release|Any CPU
		{B9B1EFC4-65B5-4057-894B-0BF9317F5294}.Release|x64.ActiveCfg = Release|Any CPU
		{B9B1EFC4-65B5-4057-894B-0BF9317F5294}.Release|x64.Build.0 = Release|Any CPU
		{B9B1EFC4-65B5-4057-894B-0BF9317F5294}.Release|x86.ActiveCfg = Release|Any CPU
		{B9B1EFC4-65B5-4057-894B-0BF9317F5294}.Release|x86.Build.0 = Release|Any CPU
		{222DE4ED-3840-4A7A-AB10-099652EC6721}.Debug|Any CPU.ActiveCfg = Debug|Any CPU
		{222DE4ED-3840-4A7A-AB10-099652EC6721}.Debug|Any CPU.Build.0 = Debug|Any CPU
		{222DE4ED-3840-4A7A-AB10-099652EC6721}.Debug|x64.ActiveCfg = Debug|Any CPU
		{222DE4ED-3840-4A7A-AB10-099652EC6721}.Debug|x64.Build.0 = Debug|Any CPU
		{222DE4ED-3840-4A7A-AB10-099652EC6721}.Debug|x86.ActiveCfg = Debug|Any CPU
		{222DE4ED-3840-4A7A-AB10-099652EC6721}.Debug|x86.Build.0 = Debug|Any CPU
		{222DE4ED-3840-4A7A-AB10-099652EC6721}.Release|Any CPU.ActiveCfg = Release|Any CPU
		{222DE4ED-3840-4A7A-AB10-099652EC6721}.Release|Any CPU.Build.0 = Release|Any CPU
		{222DE4ED-3840-4A7A-AB10-099652EC6721}.Release|x64.ActiveCfg = Release|Any CPU
		{222DE4ED-3840-4A7A-AB10-099652EC6721}.Release|x64.Build.0 = Release|Any CPU
		{222DE4ED-3840-4A7A-AB10-099652EC6721}.Release|x86.ActiveCfg = Release|Any CPU
		{222DE4ED-3840-4A7A-AB10-099652EC6721}.Release|x86.Build.0 = Release|Any CPU
		{5F40E0D4-4F45-407A-B95E-AEA900522CD6}.Debug|Any CPU.ActiveCfg = Debug|Any CPU
		{5F40E0D4-4F45-407A-B95E-AEA900522CD6}.Debug|Any CPU.Build.0 = Debug|Any CPU
		{5F40E0D4-4F45-407A-B95E-AEA900522CD6}.Debug|x64.ActiveCfg = Debug|Any CPU
		{5F40E0D4-4F45-407A-B95E-AEA900522CD6}.Debug|x64.Build.0 = Debug|Any CPU
		{5F40E0D4-4F45-407A-B95E-AEA900522CD6}.Debug|x86.ActiveCfg = Debug|Any CPU
		{5F40E0D4-4F45-407A-B95E-AEA900522CD6}.Debug|x86.Build.0 = Debug|Any CPU
		{5F40E0D4-4F45-407A-B95E-AEA900522CD6}.Release|Any CPU.ActiveCfg = Release|Any CPU
		{5F40E0D4-4F45-407A-B95E-AEA900522CD6}.Release|Any CPU.Build.0 = Release|Any CPU
		{5F40E0D4-4F45-407A-B95E-AEA900522CD6}.Release|x64.ActiveCfg = Release|Any CPU
		{5F40E0D4-4F45-407A-B95E-AEA900522CD6}.Release|x64.Build.0 = Release|Any CPU
		{5F40E0D4-4F45-407A-B95E-AEA900522CD6}.Release|x86.ActiveCfg = Release|Any CPU
		{5F40E0D4-4F45-407A-B95E-AEA900522CD6}.Release|x86.Build.0 = Release|Any CPU
		{37A8BB1D-1A6F-413D-BA0D-D4C636DCC5E2}.Debug|Any CPU.ActiveCfg = Debug|Any CPU
		{37A8BB1D-1A6F-413D-BA0D-D4C636DCC5E2}.Debug|Any CPU.Build.0 = Debug|Any CPU
		{37A8BB1D-1A6F-413D-BA0D-D4C636DCC5E2}.Debug|x64.ActiveCfg = Debug|Any CPU
		{37A8BB1D-1A6F-413D-BA0D-D4C636DCC5E2}.Debug|x64.Build.0 = Debug|Any CPU
		{37A8BB1D-1A6F-413D-BA0D-D4C636DCC5E2}.Debug|x86.ActiveCfg = Debug|Any CPU
		{37A8BB1D-1A6F-413D-BA0D-D4C636DCC5E2}.Debug|x86.Build.0 = Debug|Any CPU
		{37A8BB1D-1A6F-413D-BA0D-D4C636DCC5E2}.Release|Any CPU.ActiveCfg = Release|Any CPU
		{37A8BB1D-1A6F-413D-BA0D-D4C636DCC5E2}.Release|Any CPU.Build.0 = Release|Any CPU
		{37A8BB1D-1A6F-413D-BA0D-D4C636DCC5E2}.Release|x64.ActiveCfg = Release|Any CPU
		{37A8BB1D-1A6F-413D-BA0D-D4C636DCC5E2}.Release|x64.Build.0 = Release|Any CPU
		{37A8BB1D-1A6F-413D-BA0D-D4C636DCC5E2}.Release|x86.ActiveCfg = Release|Any CPU
		{37A8BB1D-1A6F-413D-BA0D-D4C636DCC5E2}.Release|x86.Build.0 = Release|Any CPU
		{B7D1ED9A-6DC8-4FFF-8132-97D8D79A47D8}.Debug|Any CPU.ActiveCfg = Debug|Any CPU
		{B7D1ED9A-6DC8-4FFF-8132-97D8D79A47D8}.Debug|Any CPU.Build.0 = Debug|Any CPU
		{B7D1ED9A-6DC8-4FFF-8132-97D8D79A47D8}.Debug|x64.ActiveCfg = Debug|Any CPU
		{B7D1ED9A-6DC8-4FFF-8132-97D8D79A47D8}.Debug|x64.Build.0 = Debug|Any CPU
		{B7D1ED9A-6DC8-4FFF-8132-97D8D79A47D8}.Debug|x86.ActiveCfg = Debug|Any CPU
		{B7D1ED9A-6DC8-4FFF-8132-97D8D79A47D8}.Debug|x86.Build.0 = Debug|Any CPU
		{B7D1ED9A-6DC8-4FFF-8132-97D8D79A47D8}.Release|Any CPU.ActiveCfg = Release|Any CPU
		{B7D1ED9A-6DC8-4FFF-8132-97D8D79A47D8}.Release|Any CPU.Build.0 = Release|Any CPU
		{B7D1ED9A-6DC8-4FFF-8132-97D8D79A47D8}.Release|x64.ActiveCfg = Release|Any CPU
		{B7D1ED9A-6DC8-4FFF-8132-97D8D79A47D8}.Release|x64.Build.0 = Release|Any CPU
		{B7D1ED9A-6DC8-4FFF-8132-97D8D79A47D8}.Release|x86.ActiveCfg = Release|Any CPU
		{B7D1ED9A-6DC8-4FFF-8132-97D8D79A47D8}.Release|x86.Build.0 = Release|Any CPU
		{E14C632F-35E4-4A97-A2EE-55306666CDFC}.Debug|Any CPU.ActiveCfg = Debug|Any CPU
		{E14C632F-35E4-4A97-A2EE-55306666CDFC}.Debug|Any CPU.Build.0 = Debug|Any CPU
		{E14C632F-35E4-4A97-A2EE-55306666CDFC}.Debug|x64.ActiveCfg = Debug|Any CPU
		{E14C632F-35E4-4A97-A2EE-55306666CDFC}.Debug|x64.Build.0 = Debug|Any CPU
		{E14C632F-35E4-4A97-A2EE-55306666CDFC}.Debug|x86.ActiveCfg = Debug|Any CPU
		{E14C632F-35E4-4A97-A2EE-55306666CDFC}.Debug|x86.Build.0 = Debug|Any CPU
		{E14C632F-35E4-4A97-A2EE-55306666CDFC}.Release|Any CPU.ActiveCfg = Release|Any CPU
		{E14C632F-35E4-4A97-A2EE-55306666CDFC}.Release|Any CPU.Build.0 = Release|Any CPU
		{E14C632F-35E4-4A97-A2EE-55306666CDFC}.Release|x64.ActiveCfg = Release|Any CPU
		{E14C632F-35E4-4A97-A2EE-55306666CDFC}.Release|x64.Build.0 = Release|Any CPU
		{E14C632F-35E4-4A97-A2EE-55306666CDFC}.Release|x86.ActiveCfg = Release|Any CPU
		{E14C632F-35E4-4A97-A2EE-55306666CDFC}.Release|x86.Build.0 = Release|Any CPU
		{D495F72C-BE19-40D9-AC66-4304B9003E16}.Debug|Any CPU.ActiveCfg = Debug|Any CPU
		{D495F72C-BE19-40D9-AC66-4304B9003E16}.Debug|Any CPU.Build.0 = Debug|Any CPU
		{D495F72C-BE19-40D9-AC66-4304B9003E16}.Debug|x64.ActiveCfg = Debug|Any CPU
		{D495F72C-BE19-40D9-AC66-4304B9003E16}.Debug|x64.Build.0 = Debug|Any CPU
		{D495F72C-BE19-40D9-AC66-4304B9003E16}.Debug|x86.ActiveCfg = Debug|Any CPU
		{D495F72C-BE19-40D9-AC66-4304B9003E16}.Debug|x86.Build.0 = Debug|Any CPU
		{D495F72C-BE19-40D9-AC66-4304B9003E16}.Release|Any CPU.ActiveCfg = Release|Any CPU
		{D495F72C-BE19-40D9-AC66-4304B9003E16}.Release|Any CPU.Build.0 = Release|Any CPU
		{D495F72C-BE19-40D9-AC66-4304B9003E16}.Release|x64.ActiveCfg = Release|Any CPU
		{D495F72C-BE19-40D9-AC66-4304B9003E16}.Release|x64.Build.0 = Release|Any CPU
		{D495F72C-BE19-40D9-AC66-4304B9003E16}.Release|x86.ActiveCfg = Release|Any CPU
		{D495F72C-BE19-40D9-AC66-4304B9003E16}.Release|x86.Build.0 = Release|Any CPU
		{8E1CD597-A06D-4545-A24D-DA3DBDE72182}.Debug|Any CPU.ActiveCfg = Debug|Any CPU
		{8E1CD597-A06D-4545-A24D-DA3DBDE72182}.Debug|Any CPU.Build.0 = Debug|Any CPU
		{8E1CD597-A06D-4545-A24D-DA3DBDE72182}.Debug|x64.ActiveCfg = Debug|Any CPU
		{8E1CD597-A06D-4545-A24D-DA3DBDE72182}.Debug|x64.Build.0 = Debug|Any CPU
		{8E1CD597-A06D-4545-A24D-DA3DBDE72182}.Debug|x86.ActiveCfg = Debug|Any CPU
		{8E1CD597-A06D-4545-A24D-DA3DBDE72182}.Debug|x86.Build.0 = Debug|Any CPU
		{8E1CD597-A06D-4545-A24D-DA3DBDE72182}.Release|Any CPU.ActiveCfg = Release|Any CPU
		{8E1CD597-A06D-4545-A24D-DA3DBDE72182}.Release|Any CPU.Build.0 = Release|Any CPU
		{8E1CD597-A06D-4545-A24D-DA3DBDE72182}.Release|x64.ActiveCfg = Release|Any CPU
		{8E1CD597-A06D-4545-A24D-DA3DBDE72182}.Release|x64.Build.0 = Release|Any CPU
		{8E1CD597-A06D-4545-A24D-DA3DBDE72182}.Release|x86.ActiveCfg = Release|Any CPU
		{8E1CD597-A06D-4545-A24D-DA3DBDE72182}.Release|x86.Build.0 = Release|Any CPU
		{9A73DF79-FC2A-4B6A-AE46-D74A713AC99A}.Debug|Any CPU.ActiveCfg = Debug|Any CPU
		{9A73DF79-FC2A-4B6A-AE46-D74A713AC99A}.Debug|Any CPU.Build.0 = Debug|Any CPU
		{9A73DF79-FC2A-4B6A-AE46-D74A713AC99A}.Debug|x64.ActiveCfg = Debug|Any CPU
		{9A73DF79-FC2A-4B6A-AE46-D74A713AC99A}.Debug|x64.Build.0 = Debug|Any CPU
		{9A73DF79-FC2A-4B6A-AE46-D74A713AC99A}.Debug|x86.ActiveCfg = Debug|Any CPU
		{9A73DF79-FC2A-4B6A-AE46-D74A713AC99A}.Debug|x86.Build.0 = Debug|Any CPU
		{9A73DF79-FC2A-4B6A-AE46-D74A713AC99A}.Release|Any CPU.ActiveCfg = Release|Any CPU
		{9A73DF79-FC2A-4B6A-AE46-D74A713AC99A}.Release|Any CPU.Build.0 = Release|Any CPU
		{9A73DF79-FC2A-4B6A-AE46-D74A713AC99A}.Release|x64.ActiveCfg = Release|Any CPU
		{9A73DF79-FC2A-4B6A-AE46-D74A713AC99A}.Release|x64.Build.0 = Release|Any CPU
		{9A73DF79-FC2A-4B6A-AE46-D74A713AC99A}.Release|x86.ActiveCfg = Release|Any CPU
		{9A73DF79-FC2A-4B6A-AE46-D74A713AC99A}.Release|x86.Build.0 = Release|Any CPU
		{0A77FFA7-E6B4-4B15-A5AC-85512D3681A5}.Debug|Any CPU.ActiveCfg = Debug|Any CPU
		{0A77FFA7-E6B4-4B15-A5AC-85512D3681A5}.Debug|Any CPU.Build.0 = Debug|Any CPU
		{0A77FFA7-E6B4-4B15-A5AC-85512D3681A5}.Debug|x64.ActiveCfg = Debug|Any CPU
		{0A77FFA7-E6B4-4B15-A5AC-85512D3681A5}.Debug|x64.Build.0 = Debug|Any CPU
		{0A77FFA7-E6B4-4B15-A5AC-85512D3681A5}.Debug|x86.ActiveCfg = Debug|Any CPU
		{0A77FFA7-E6B4-4B15-A5AC-85512D3681A5}.Debug|x86.Build.0 = Debug|Any CPU
		{0A77FFA7-E6B4-4B15-A5AC-85512D3681A5}.Release|Any CPU.ActiveCfg = Release|Any CPU
		{0A77FFA7-E6B4-4B15-A5AC-85512D3681A5}.Release|Any CPU.Build.0 = Release|Any CPU
		{0A77FFA7-E6B4-4B15-A5AC-85512D3681A5}.Release|x64.ActiveCfg = Release|Any CPU
		{0A77FFA7-E6B4-4B15-A5AC-85512D3681A5}.Release|x64.Build.0 = Release|Any CPU
		{0A77FFA7-E6B4-4B15-A5AC-85512D3681A5}.Release|x86.ActiveCfg = Release|Any CPU
		{0A77FFA7-E6B4-4B15-A5AC-85512D3681A5}.Release|x86.Build.0 = Release|Any CPU
		{84A63996-3F31-48BE-8C03-B4A3F003BFD5}.Debug|Any CPU.ActiveCfg = Debug|Any CPU
		{84A63996-3F31-48BE-8C03-B4A3F003BFD5}.Debug|Any CPU.Build.0 = Debug|Any CPU
		{84A63996-3F31-48BE-8C03-B4A3F003BFD5}.Debug|x64.ActiveCfg = Debug|Any CPU
		{84A63996-3F31-48BE-8C03-B4A3F003BFD5}.Debug|x64.Build.0 = Debug|Any CPU
		{84A63996-3F31-48BE-8C03-B4A3F003BFD5}.Debug|x86.ActiveCfg = Debug|Any CPU
		{84A63996-3F31-48BE-8C03-B4A3F003BFD5}.Debug|x86.Build.0 = Debug|Any CPU
		{84A63996-3F31-48BE-8C03-B4A3F003BFD5}.Release|Any CPU.ActiveCfg = Release|Any CPU
		{84A63996-3F31-48BE-8C03-B4A3F003BFD5}.Release|Any CPU.Build.0 = Release|Any CPU
		{84A63996-3F31-48BE-8C03-B4A3F003BFD5}.Release|x64.ActiveCfg = Release|Any CPU
		{84A63996-3F31-48BE-8C03-B4A3F003BFD5}.Release|x64.Build.0 = Release|Any CPU
		{84A63996-3F31-48BE-8C03-B4A3F003BFD5}.Release|x86.ActiveCfg = Release|Any CPU
		{84A63996-3F31-48BE-8C03-B4A3F003BFD5}.Release|x86.Build.0 = Release|Any CPU
		{8299008B-A5F0-4CF9-B1F8-904C6521CEA6}.Debug|Any CPU.ActiveCfg = Debug|Any CPU
		{8299008B-A5F0-4CF9-B1F8-904C6521CEA6}.Debug|Any CPU.Build.0 = Debug|Any CPU
		{8299008B-A5F0-4CF9-B1F8-904C6521CEA6}.Debug|x64.ActiveCfg = Debug|Any CPU
		{8299008B-A5F0-4CF9-B1F8-904C6521CEA6}.Debug|x64.Build.0 = Debug|Any CPU
		{8299008B-A5F0-4CF9-B1F8-904C6521CEA6}.Debug|x86.ActiveCfg = Debug|Any CPU
		{8299008B-A5F0-4CF9-B1F8-904C6521CEA6}.Debug|x86.Build.0 = Debug|Any CPU
		{8299008B-A5F0-4CF9-B1F8-904C6521CEA6}.Release|Any CPU.ActiveCfg = Release|Any CPU
		{8299008B-A5F0-4CF9-B1F8-904C6521CEA6}.Release|Any CPU.Build.0 = Release|Any CPU
		{8299008B-A5F0-4CF9-B1F8-904C6521CEA6}.Release|x64.ActiveCfg = Release|Any CPU
		{8299008B-A5F0-4CF9-B1F8-904C6521CEA6}.Release|x64.Build.0 = Release|Any CPU
		{8299008B-A5F0-4CF9-B1F8-904C6521CEA6}.Release|x86.ActiveCfg = Release|Any CPU
		{8299008B-A5F0-4CF9-B1F8-904C6521CEA6}.Release|x86.Build.0 = Release|Any CPU
		{04DD6D2E-5781-420B-829B-03B49A17309B}.Debug|Any CPU.ActiveCfg = Debug|Any CPU
		{04DD6D2E-5781-420B-829B-03B49A17309B}.Debug|Any CPU.Build.0 = Debug|Any CPU
		{04DD6D2E-5781-420B-829B-03B49A17309B}.Debug|x64.ActiveCfg = Debug|Any CPU
		{04DD6D2E-5781-420B-829B-03B49A17309B}.Debug|x64.Build.0 = Debug|Any CPU
		{04DD6D2E-5781-420B-829B-03B49A17309B}.Debug|x86.ActiveCfg = Debug|Any CPU
		{04DD6D2E-5781-420B-829B-03B49A17309B}.Debug|x86.Build.0 = Debug|Any CPU
		{04DD6D2E-5781-420B-829B-03B49A17309B}.Release|Any CPU.ActiveCfg = Release|Any CPU
		{04DD6D2E-5781-420B-829B-03B49A17309B}.Release|Any CPU.Build.0 = Release|Any CPU
		{04DD6D2E-5781-420B-829B-03B49A17309B}.Release|x64.ActiveCfg = Release|Any CPU
		{04DD6D2E-5781-420B-829B-03B49A17309B}.Release|x64.Build.0 = Release|Any CPU
		{04DD6D2E-5781-420B-829B-03B49A17309B}.Release|x86.ActiveCfg = Release|Any CPU
		{04DD6D2E-5781-420B-829B-03B49A17309B}.Release|x86.Build.0 = Release|Any CPU
		{6F6A9479-6BBB-49E3-838F-18C7A1CB5370}.Debug|Any CPU.ActiveCfg = Debug|Any CPU
		{6F6A9479-6BBB-49E3-838F-18C7A1CB5370}.Debug|Any CPU.Build.0 = Debug|Any CPU
		{6F6A9479-6BBB-49E3-838F-18C7A1CB5370}.Debug|x64.ActiveCfg = Debug|Any CPU
		{6F6A9479-6BBB-49E3-838F-18C7A1CB5370}.Debug|x64.Build.0 = Debug|Any CPU
		{6F6A9479-6BBB-49E3-838F-18C7A1CB5370}.Debug|x86.ActiveCfg = Debug|Any CPU
		{6F6A9479-6BBB-49E3-838F-18C7A1CB5370}.Debug|x86.Build.0 = Debug|Any CPU
		{6F6A9479-6BBB-49E3-838F-18C7A1CB5370}.Release|Any CPU.ActiveCfg = Release|Any CPU
		{6F6A9479-6BBB-49E3-838F-18C7A1CB5370}.Release|Any CPU.Build.0 = Release|Any CPU
		{6F6A9479-6BBB-49E3-838F-18C7A1CB5370}.Release|x64.ActiveCfg = Release|Any CPU
		{6F6A9479-6BBB-49E3-838F-18C7A1CB5370}.Release|x64.Build.0 = Release|Any CPU
		{6F6A9479-6BBB-49E3-838F-18C7A1CB5370}.Release|x86.ActiveCfg = Release|Any CPU
		{6F6A9479-6BBB-49E3-838F-18C7A1CB5370}.Release|x86.Build.0 = Release|Any CPU
		{A3714CD0-E88E-4569-BAB8-08F978142016}.Debug|Any CPU.ActiveCfg = Debug|Any CPU
		{A3714CD0-E88E-4569-BAB8-08F978142016}.Debug|Any CPU.Build.0 = Debug|Any CPU
		{A3714CD0-E88E-4569-BAB8-08F978142016}.Debug|x64.ActiveCfg = Debug|Any CPU
		{A3714CD0-E88E-4569-BAB8-08F978142016}.Debug|x64.Build.0 = Debug|Any CPU
		{A3714CD0-E88E-4569-BAB8-08F978142016}.Debug|x86.ActiveCfg = Debug|Any CPU
		{A3714CD0-E88E-4569-BAB8-08F978142016}.Debug|x86.Build.0 = Debug|Any CPU
		{A3714CD0-E88E-4569-BAB8-08F978142016}.Release|Any CPU.ActiveCfg = Release|Any CPU
		{A3714CD0-E88E-4569-BAB8-08F978142016}.Release|Any CPU.Build.0 = Release|Any CPU
		{A3714CD0-E88E-4569-BAB8-08F978142016}.Release|x64.ActiveCfg = Release|Any CPU
		{A3714CD0-E88E-4569-BAB8-08F978142016}.Release|x64.Build.0 = Release|Any CPU
		{A3714CD0-E88E-4569-BAB8-08F978142016}.Release|x86.ActiveCfg = Release|Any CPU
		{A3714CD0-E88E-4569-BAB8-08F978142016}.Release|x86.Build.0 = Release|Any CPU
		{FB521520-5C44-4B4F-BFA2-58500ED3FF06}.Debug|Any CPU.ActiveCfg = Debug|Any CPU
		{FB521520-5C44-4B4F-BFA2-58500ED3FF06}.Debug|Any CPU.Build.0 = Debug|Any CPU
		{FB521520-5C44-4B4F-BFA2-58500ED3FF06}.Debug|x64.ActiveCfg = Debug|Any CPU
		{FB521520-5C44-4B4F-BFA2-58500ED3FF06}.Debug|x64.Build.0 = Debug|Any CPU
		{FB521520-5C44-4B4F-BFA2-58500ED3FF06}.Debug|x86.ActiveCfg = Debug|Any CPU
		{FB521520-5C44-4B4F-BFA2-58500ED3FF06}.Debug|x86.Build.0 = Debug|Any CPU
		{FB521520-5C44-4B4F-BFA2-58500ED3FF06}.Release|Any CPU.ActiveCfg = Release|Any CPU
		{FB521520-5C44-4B4F-BFA2-58500ED3FF06}.Release|Any CPU.Build.0 = Release|Any CPU
		{FB521520-5C44-4B4F-BFA2-58500ED3FF06}.Release|x64.ActiveCfg = Release|Any CPU
		{FB521520-5C44-4B4F-BFA2-58500ED3FF06}.Release|x64.Build.0 = Release|Any CPU
		{FB521520-5C44-4B4F-BFA2-58500ED3FF06}.Release|x86.ActiveCfg = Release|Any CPU
		{FB521520-5C44-4B4F-BFA2-58500ED3FF06}.Release|x86.Build.0 = Release|Any CPU
	EndGlobalSection
	GlobalSection(SolutionProperties) = preSolution
		HideSolutionNode = FALSE
	EndGlobalSection
	GlobalSection(NestedProjects) = preSolution
		{C79C3622-AC92-5B3C-4F71-0BD0E7B3816F} = {827E0CD3-B72D-47B6-A68D-7590B98EB39B}
		{3EAEAC37-FF16-4BF2-B537-42F13F26D5BE} = {C79C3622-AC92-5B3C-4F71-0BD0E7B3816F}
		{EC447DCF-ABFA-6E24-52A5-D7FD48A5C558} = {827E0CD3-B72D-47B6-A68D-7590B98EB39B}
		{76653597-1E39-8C23-6724-BC1D876210FA} = {EC447DCF-ABFA-6E24-52A5-D7FD48A5C558}
		{C927E573-357C-47CF-BAE3-56E9EC7DD270} = {76653597-1E39-8C23-6724-BC1D876210FA}
		{B9B1EFC4-65B5-4057-894B-0BF9317F5294} = {76653597-1E39-8C23-6724-BC1D876210FA}
		{222DE4ED-3840-4A7A-AB10-099652EC6721} = {76653597-1E39-8C23-6724-BC1D876210FA}
		{C8E42992-5E42-0C2B-DBFE-AA848D06431C} = {827E0CD3-B72D-47B6-A68D-7590B98EB39B}
		{5F40E0D4-4F45-407A-B95E-AEA900522CD6} = {C8E42992-5E42-0C2B-DBFE-AA848D06431C}
		{37A8BB1D-1A6F-413D-BA0D-D4C636DCC5E2} = {C8E42992-5E42-0C2B-DBFE-AA848D06431C}
		{FDAC79DD-3B23-50FD-E614-1DAE36662DC0} = {EC447DCF-ABFA-6E24-52A5-D7FD48A5C558}
		{B7D1ED9A-6DC8-4FFF-8132-97D8D79A47D8} = {FDAC79DD-3B23-50FD-E614-1DAE36662DC0}
		{E14C632F-35E4-4A97-A2EE-55306666CDFC} = {FDAC79DD-3B23-50FD-E614-1DAE36662DC0}
		{D495F72C-BE19-40D9-AC66-4304B9003E16} = {FDAC79DD-3B23-50FD-E614-1DAE36662DC0}
		{0EC62A1A-9858-3A60-8A0C-FC9AACFA2EC7} = {EC447DCF-ABFA-6E24-52A5-D7FD48A5C558}
		{8E1CD597-A06D-4545-A24D-DA3DBDE72182} = {0EC62A1A-9858-3A60-8A0C-FC9AACFA2EC7}
		{9A73DF79-FC2A-4B6A-AE46-D74A713AC99A} = {0EC62A1A-9858-3A60-8A0C-FC9AACFA2EC7}
		{0A77FFA7-E6B4-4B15-A5AC-85512D3681A5} = {0EC62A1A-9858-3A60-8A0C-FC9AACFA2EC7}
		{84A63996-3F31-48BE-8C03-B4A3F003BFD5} = {C79C3622-AC92-5B3C-4F71-0BD0E7B3816F}
		{8299008B-A5F0-4CF9-B1F8-904C6521CEA6} = {C79C3622-AC92-5B3C-4F71-0BD0E7B3816F}
		{CEA09484-30F6-4D44-02F6-822E06DBC57C} = {827E0CD3-B72D-47B6-A68D-7590B98EB39B}
		{04DD6D2E-5781-420B-829B-03B49A17309B} = {CEA09484-30F6-4D44-02F6-822E06DBC57C}
		{6F6A9479-6BBB-49E3-838F-18C7A1CB5370} = {CEA09484-30F6-4D44-02F6-822E06DBC57C}
		{A3714CD0-E88E-4569-BAB8-08F978142016} = {CEA09484-30F6-4D44-02F6-822E06DBC57C}
		{FB521520-5C44-4B4F-BFA2-58500ED3FF06} = {CEA09484-30F6-4D44-02F6-822E06DBC57C}
	EndGlobalSection
EndGlobal
